
Microsoft Visual Studio Solution File, Format Version 12.00
# Visual Studio 2017
Project("{FAE04EC0-301F-11D3-BF4B-00C04F79EFBC}") = "VendingMachine.Tests", "VendingMachine.Tests.csproj", "{7921F718-4FD5-4B10-9044-AD8DB3C52586}"
EndProject
Global
	GlobalSection(SolutionConfigurationPlatforms) = preSolution
		Debug|Any CPU = Debug|Any CPU
		Release|Any CPU = Release|Any CPU
	EndGlobalSection
	GlobalSection(ProjectConfigurationPlatforms) = postSolution
		{7921F718-4FD5-4B10-9044-AD8DB3C52586}.Debug|Any CPU.ActiveCfg = Debug|Any CPU
		{7921F718-4FD5-4B10-9044-AD8DB3C52586}.Debug|Any CPU.Build.0 = Debug|Any CPU
		{7921F718-4FD5-4B10-9044-AD8DB3C52586}.Release|Any CPU.ActiveCfg = Release|Any CPU
		{7921F718-4FD5-4B10-9044-AD8DB3C52586}.Release|Any CPU.Build.0 = Release|Any CPU
	EndGlobalSection
EndGlobal
